
Microsoft Visual Studio Solution File, Format Version 12.00
# Visual Studio Version 17
VisualStudioVersion = 17.4.33205.214
MinimumVisualStudioVersion = 10.0.40219.1
Project("{888888A0-9F3D-457C-B088-3A5042F75D52}") = "deeplearning", "deeplearning.pyproj", "{B143FC75-CA7B-4308-BF7D-6FC45A7CBD64}"
EndProject
Global
	GlobalSection(SolutionConfigurationPlatforms) = preSolution
		Debug|Any CPU = Debug|Any CPU
		Release|Any CPU = Release|Any CPU
	EndGlobalSection
	GlobalSection(ProjectConfigurationPlatforms) = postSolution
		{B143FC75-CA7B-4308-BF7D-6FC45A7CBD64}.Debug|Any CPU.ActiveCfg = Debug|Any CPU
		{B143FC75-CA7B-4308-BF7D-6FC45A7CBD64}.Release|Any CPU.ActiveCfg = Release|Any CPU
	EndGlobalSection
	GlobalSection(SolutionProperties) = preSolution
		HideSolutionNode = FALSE
	EndGlobalSection
	GlobalSection(ExtensibilityGlobals) = postSolution
		SolutionGuid = {164FF07F-FFAF-4375-B5C6-BA39A62A499E}
	EndGlobalSection
EndGlobal
